// !$*UTF8*$!
{
	archiveVersion = 1;
	classes = {
	};
	objectVersion = 46;
	objects = {

/* Begin PBXBuildFile section */
		56336F061C535C7B00E63334 /* AppDelegate.swift in Sources */ = {isa = PBXBuildFile; fileRef = 56336F051C535C7B00E63334 /* AppDelegate.swift */; };
		56336F081C535C7B00E63334 /* ViewController.swift in Sources */ = {isa = PBXBuildFile; fileRef = 56336F071C535C7B00E63334 /* ViewController.swift */; };
		56336F0B1C535C7B00E63334 /* Main.storyboard in Resources */ = {isa = PBXBuildFile; fileRef = 56336F091C535C7B00E63334 /* Main.storyboard */; };
		56336F0D1C535C7B00E63334 /* Assets.xcassets in Resources */ = {isa = PBXBuildFile; fileRef = 56336F0C1C535C7B00E63334 /* Assets.xcassets */; };
		56336F101C535C7B00E63334 /* LaunchScreen.storyboard in Resources */ = {isa = PBXBuildFile; fileRef = 56336F0E1C535C7B00E63334 /* LaunchScreen.storyboard */; };
		56336F1B1C535C7B00E63334 /* _0160123_1Tests.swift in Sources */ = {isa = PBXBuildFile; fileRef = 56336F1A1C535C7B00E63334 /* _0160123_1Tests.swift */; };
		56336F261C535C7B00E63334 /* _0160123_1UITests.swift in Sources */ = {isa = PBXBuildFile; fileRef = 56336F251C535C7B00E63334 /* _0160123_1UITests.swift */; };
/* End PBXBuildFile section */

/* Begin PBXContainerItemProxy section */
		56336F171C535C7B00E63334 /* PBXContainerItemProxy */ = {
			isa = PBXContainerItemProxy;
			containerPortal = 56336EFA1C535C7B00E63334 /* Project object */;
			proxyType = 1;
			remoteGlobalIDString = 56336F011C535C7B00E63334;
			remoteInfo = "20160123-1";
		};
		56336F221C535C7B00E63334 /* PBXContainerItemProxy */ = {
			isa = PBXContainerItemProxy;
			containerPortal = 56336EFA1C535C7B00E63334 /* Project object */;
			proxyType = 1;
			remoteGlobalIDString = 56336F011C535C7B00E63334;
			remoteInfo = "20160123-1";
		};
/* End PBXContainerItemProxy section */

/* Begin PBXFileReference section */
		56336F021C535C7B00E63334 /* 20160123-1.app */ = {isa = PBXFileReference; explicitFileType = wrapper.application; includeInIndex = 0; path = "20160123-1.app"; sourceTree = BUILT_PRODUCTS_DIR; };
		56336F051C535C7B00E63334 /* AppDelegate.swift */ = {isa = PBXFileReference; lastKnownFileType = sourcecode.swift; path = AppDelegate.swift; sourceTree = "<group>"; };
		56336F071C535C7B00E63334 /* ViewController.swift */ = {isa = PBXFileReference; lastKnownFileType = sourcecode.swift; path = ViewController.swift; sourceTree = "<group>"; };
		56336F0A1C535C7B00E63334 /* Base */ = {isa = PBXFileReference; lastKnownFileType = file.storyboard; name = Base; path = Base.lproj/Main.storyboard; sourceTree = "<group>"; };
		56336F0C1C535C7B00E63334 /* Assets.xcassets */ = {isa = PBXFileReference; lastKnownFileType = folder.assetcatalog; path = Assets.xcassets; sourceTree = "<group>"; };
		56336F0F1C535C7B00E63334 /* Base */ = {isa = PBXFileReference; lastKnownFileType = file.storyboard; name = Base; path = Base.lproj/LaunchScreen.storyboard; sourceTree = "<group>"; };
		56336F111C535C7B00E63334 /* Info.plist */ = {isa = PBXFileReference; lastKnownFileType = text.plist.xml; path = Info.plist; sourceTree = "<group>"; };
		56336F161C535C7B00E63334 /* 20160123-1Tests.xctest */ = {isa = PBXFileReference; explicitFileType = wrapper.cfbundle; includeInIndex = 0; path = "20160123-1Tests.xctest"; sourceTree = BUILT_PRODUCTS_DIR; };
		56336F1A1C535C7B00E63334 /* _0160123_1Tests.swift */ = {isa = PBXFileReference; lastKnownFileType = sourcecode.swift; path = _0160123_1Tests.swift; sourceTree = "<group>"; };
		56336F1C1C535C7B00E63334 /* Info.plist */ = {isa = PBXFileReference; lastKnownFileType = text.plist.xml; path = Info.plist; sourceTree = "<group>"; };
		56336F211C535C7B00E63334 /* 20160123-1UITests.xctest */ = {isa = PBXFileReference; explicitFileType = wrapper.cfbundle; includeInIndex = 0; path = "20160123-1UITests.xctest"; sourceTree = BUILT_PRODUCTS_DIR; };
		56336F251C535C7B00E63334 /* _0160123_1UITests.swift */ = {isa = PBXFileReference; lastKnownFileType = sourcecode.swift; path = _0160123_1UITests.swift; sourceTree = "<group>"; };
		56336F271C535C7B00E63334 /* Info.plist */ = {isa = PBXFileReference; lastKnownFileType = text.plist.xml; path = Info.plist; sourceTree = "<group>"; };
/* End PBXFileReference section */

/* Begin PBXFrameworksBuildPhase section */
		56336EFF1C535C7B00E63334 /* Frameworks */ = {
			isa = PBXFrameworksBuildPhase;
			buildActionMask = 2147483647;
			files = (
			);
			runOnlyForDeploymentPostprocessing = 0;
		};
		56336F131C535C7B00E63334 /* Frameworks */ = {
			isa = PBXFrameworksBuildPhase;
			buildActionMask = 2147483647;
			files = (
			);
			runOnlyForDeploymentPostprocessing = 0;
		};
		56336F1E1C535C7B00E63334 /* Frameworks */ = {
			isa = PBXFrameworksBuildPhase;
			buildActionMask = 2147483647;
			files = (
			);
			runOnlyForDeploymentPostprocessing = 0;
		};
/* End PBXFrameworksBuildPhase section */

/* Begin PBXGroup section */
		56336EF91C535C7B00E63334 = {
			isa = PBXGroup;
			children = (
				56336F041C535C7B00E63334 /* 20160123-1 */,
				56336F191C535C7B00E63334 /* 20160123-1Tests */,
				56336F241C535C7B00E63334 /* 20160123-1UITests */,
				56336F031C535C7B00E63334 /* Products */,
			);
			sourceTree = "<group>";
		};
		56336F031C535C7B00E63334 /* Products */ = {
			isa = PBXGroup;
			children = (
				56336F021C535C7B00E63334 /* 20160123-1.app */,
				56336F161C535C7B00E63334 /* 20160123-1Tests.xctest */,
				56336F211C535C7B00E63334 /* 20160123-1UITests.xctest */,
			);
			name = Products;
			sourceTree = "<group>";
		};
		56336F041C535C7B00E63334 /* 20160123-1 */ = {
			isa = PBXGroup;
			children = (
				56336F051C535C7B00E63334 /* AppDelegate.swift */,
				56336F071C535C7B00E63334 /* ViewController.swift */,
				56336F091C535C7B00E63334 /* Main.storyboard */,
				56336F0C1C535C7B00E63334 /* Assets.xcassets */,
				56336F0E1C535C7B00E63334 /* LaunchScreen.storyboard */,
				56336F111C535C7B00E63334 /* Info.plist */,
			);
			path = "20160123-1";
			sourceTree = "<group>";
		};
		56336F191C535C7B00E63334 /* 20160123-1Tests */ = {
			isa = PBXGroup;
			children = (
				56336F1A1C535C7B00E63334 /* _0160123_1Tests.swift */,
				56336F1C1C535C7B00E63334 /* Info.plist */,
			);
			path = "20160123-1Tests";
			sourceTree = "<group>";
		};
		56336F241C535C7B00E63334 /* 20160123-1UITests */ = {
			isa = PBXGroup;
			children = (
				56336F251C535C7B00E63334 /* _0160123_1UITests.swift */,
				56336F271C535C7B00E63334 /* Info.plist */,
			);
			path = "20160123-1UITests";
			sourceTree = "<group>";
		};
/* End PBXGroup section */

/* Begin PBXNativeTarget section */
		56336F011C535C7B00E63334 /* 20160123-1 */ = {
			isa = PBXNativeTarget;
			buildConfigurationList = 56336F2A1C535C7B00E63334 /* Build configuration list for PBXNativeTarget "20160123-1" */;
			buildPhases = (
				56336EFE1C535C7B00E63334 /* Sources */,
				56336EFF1C535C7B00E63334 /* Frameworks */,
				56336F001C535C7B00E63334 /* Resources */,
			);
			buildRules = (
			);
			dependencies = (
			);
			name = "20160123-1";
			productName = "20160123-1";
			productReference = 56336F021C535C7B00E63334 /* 20160123-1.app */;
			productType = "com.apple.product-type.application";
		};
		56336F151C535C7B00E63334 /* 20160123-1Tests */ = {
			isa = PBXNativeTarget;
			buildConfigurationList = 56336F2D1C535C7B00E63334 /* Build configuration list for PBXNativeTarget "20160123-1Tests" */;
			buildPhases = (
				56336F121C535C7B00E63334 /* Sources */,
				56336F131C535C7B00E63334 /* Frameworks */,
				56336F141C535C7B00E63334 /* Resources */,
			);
			buildRules = (
			);
			dependencies = (
				56336F181C535C7B00E63334 /* PBXTargetDependency */,
			);
			name = "20160123-1Tests";
			productName = "20160123-1Tests";
			productReference = 56336F161C535C7B00E63334 /* 20160123-1Tests.xctest */;
			productType = "com.apple.product-type.bundle.unit-test";
		};
		56336F201C535C7B00E63334 /* 20160123-1UITests */ = {
			isa = PBXNativeTarget;
			buildConfigurationList = 56336F301C535C7B00E63334 /* Build configuration list for PBXNativeTarget "20160123-1UITests" */;
			buildPhases = (
				56336F1D1C535C7B00E63334 /* Sources */,
				56336F1E1C535C7B00E63334 /* Frameworks */,
				56336F1F1C535C7B00E63334 /* Resources */,
			);
			buildRules = (
			);
			dependencies = (
				56336F231C535C7B00E63334 /* PBXTargetDependency */,
			);
			name = "20160123-1UITests";
			productName = "20160123-1UITests";
			productReference = 56336F211C535C7B00E63334 /* 20160123-1UITests.xctest */;
			productType = "com.apple.product-type.bundle.ui-testing";
		};
/* End PBXNativeTarget section */

/* Begin PBXProject section */
		56336EFA1C535C7B00E63334 /* Project object */ = {
			isa = PBXProject;
			attributes = {
				LastSwiftUpdateCheck = 0710;
				LastUpgradeCheck = 0710;
				ORGANIZATIONNAME = ChenXin;
				TargetAttributes = {
					56336F011C535C7B00E63334 = {
						CreatedOnToolsVersion = 7.1;
					};
					56336F151C535C7B00E63334 = {
						CreatedOnToolsVersion = 7.1;
						TestTargetID = 56336F011C535C7B00E63334;
					};
					56336F201C535C7B00E63334 = {
						CreatedOnToolsVersion = 7.1;
						TestTargetID = 56336F011C535C7B00E63334;
					};
				};
			};
			buildConfigurationList = 56336EFD1C535C7B00E63334 /* Build configuration list for PBXProject "20160123-1" */;
			compatibilityVersion = "Xcode 3.2";
			developmentRegion = English;
			hasScannedForEncodings = 0;
			knownRegions = (
				en,
				Base,
			);
			mainGroup = 56336EF91C535C7B00E63334;
			productRefGroup = 56336F031C535C7B00E63334 /* Products */;
			projectDirPath = "";
			projectRoot = "";
			targets = (
				56336F011C535C7B00E63334 /* 20160123-1 */,
				56336F151C535C7B00E63334 /* 20160123-1Tests */,
				56336F201C535C7B00E63334 /* 20160123-1UITests */,
			);
		};
/* End PBXProject section */

/* Begin PBXResourcesBuildPhase section */
		56336F001C535C7B00E63334 /* Resources */ = {
			isa = PBXResourcesBuildPhase;
			buildActionMask = 2147483647;
			files = (
				56336F101C535C7B00E63334 /* LaunchScreen.storyboard in Resources */,
				56336F0D1C535C7B00E63334 /* Assets.xcassets in Resources */,
				56336F0B1C535C7B00E63334 /* Main.storyboard in Resources */,
			);
			runOnlyForDeploymentPostprocessing = 0;
		};
		56336F141C535C7B00E63334 /* Resources */ = {
			isa = PBXResourcesBuildPhase;
			buildActionMask = 2147483647;
			files = (
			);
			runOnlyForDeploymentPostprocessing = 0;
		};
		56336F1F1C535C7B00E63334 /* Resources */ = {
			isa = PBXResourcesBuildPhase;
			buildActionMask = 2147483647;
			files = (
			);
			runOnlyForDeploymentPostprocessing = 0;
		};
/* End PBXResourcesBuildPhase section */

/* Begin PBXSourcesBuildPhase section */
		56336EFE1C535C7B00E63334 /* Sources */ = {
			isa = PBXSourcesBuildPhase;
			buildActionMask = 2147483647;
			files = (
				56336F081C535C7B00E63334 /* ViewController.swift in Sources */,
				56336F061C535C7B00E63334 /* AppDelegate.swift in Sources */,
			);
			runOnlyForDeploymentPostprocessing = 0;
		};
		56336F121C535C7B00E63334 /* Sources */ = {
			isa = PBXSourcesBuildPhase;
			buildActionMask = 2147483647;
			files = (
				56336F1B1C535C7B00E63334 /* _0160123_1Tests.swift in Sources */,
			);
			runOnlyForDeploymentPostprocessing = 0;
		};
		56336F1D1C535C7B00E63334 /* Sources */ = {
			isa = PBXSourcesBuildPhase;
			buildActionMask = 2147483647;
			files = (
				56336F261C535C7B00E63334 /* _0160123_1UITests.swift in Sources */,
			);
			runOnlyForDeploymentPostprocessing = 0;
		};
/* End PBXSourcesBuildPhase section */

/* Begin PBXTargetDependency section */
		56336F181C535C7B00E63334 /* PBXTargetDependency */ = {
			isa = PBXTargetDependency;
			target = 56336F011C535C7B00E63334 /* 20160123-1 */;
			targetProxy = 56336F171C535C7B00E63334 /* PBXContainerItemProxy */;
		};
		56336F231C535C7B00E63334 /* PBXTargetDependency */ = {
			isa = PBXTargetDependency;
			target = 56336F011C535C7B00E63334 /* 20160123-1 */;
			targetProxy = 56336F221C535C7B00E63334 /* PBXContainerItemProxy */;
		};
/* End PBXTargetDependency section */

/* Begin PBXVariantGroup section */
		56336F091C535C7B00E63334 /* Main.storyboard */ = {
			isa = PBXVariantGroup;
			children = (
				56336F0A1C535C7B00E63334 /* Base */,
			);
			name = Main.storyboard;
			sourceTree = "<group>";
		};
		56336F0E1C535C7B00E63334 /* LaunchScreen.storyboard */ = {
			isa = PBXVariantGroup;
			children = (
				56336F0F1C535C7B00E63334 /* Base */,
			);
			name = LaunchScreen.storyboard;
			sourceTree = "<group>";
		};
/* End PBXVariantGroup section */

/* Begin XCBuildConfiguration section */
		56336F281C535C7B00E63334 /* Debug */ = {
			isa = XCBuildConfiguration;
			buildSettings = {
				ALWAYS_SEARCH_USER_PATHS = NO;
				CLANG_CXX_LANGUAGE_STANDARD = "gnu++0x";
				CLANG_CXX_LIBRARY = "libc++";
				CLANG_ENABLE_MODULES = YES;
				CLANG_ENABLE_OBJC_ARC = YES;
				CLANG_WARN_BOOL_CONVERSION = YES;
				CLANG_WARN_CONSTANT_CONVERSION = YES;
				CLANG_WARN_DIRECT_OBJC_ISA_USAGE = YES_ERROR;
				CLANG_WARN_EMPTY_BODY = YES;
				CLANG_WARN_ENUM_CONVERSION = YES;
				CLANG_WARN_INT_CONVERSION = YES;
				CLANG_WARN_OBJC_ROOT_CLASS = YES_ERROR;
				CLANG_WARN_UNREACHABLE_CODE = YES;
				CLANG_WARN__DUPLICATE_METHOD_MATCH = YES;
				"CODE_SIGN_IDENTITY[sdk=iphoneos*]" = "iPhone Developer";
				COPY_PHASE_STRIP = NO;
				DEBUG_INFORMATION_FORMAT = dwarf;
				ENABLE_STRICT_OBJC_MSGSEND = YES;
				ENABLE_TESTABILITY = YES;
				GCC_C_LANGUAGE_STANDARD = gnu99;
				GCC_DYNAMIC_NO_PIC = NO;
				GCC_NO_COMMON_BLOCKS = YES;
				GCC_OPTIMIZATION_LEVEL = 0;
				GCC_PREPROCESSOR_DEFINITIONS = (
					"DEBUG=1",
					"$(inherited)",
				);
				GCC_WARN_64_TO_32_BIT_CONVERSION = YES;
				GCC_WARN_ABOUT_RETURN_TYPE = YES_ERROR;
				GCC_WARN_UNDECLARED_SELECTOR = YES;
				GCC_WARN_UNINITIALIZED_AUTOS = YES_AGGRESSIVE;
				GCC_WARN_UNUSED_FUNCTION = YES;
				GCC_WARN_UNUSED_VARIABLE = YES;
				IPHONEOS_DEPLOYMENT_TARGET = 9.1;
				MTL_ENABLE_DEBUG_INFO = YES;
				ONLY_ACTIVE_ARCH = YES;
				SDKROOT = iphoneos;
				SWIFT_OPTIMIZATION_LEVEL = "-Onone";
				TARGETED_DEVICE_FAMILY = "1,2";
			};
			name = Debug;
		};
		56336F291C535C7B00E63334 /* Release */ = {
			isa = XCBuildConfiguration;
			buildSettings = {
				ALWAYS_SEARCH_USER_PATHS = NO;
				CLANG_CXX_LANGUAGE_STANDARD = "gnu++0x";
				CLANG_CXX_LIBRARY = "libc++";
				CLANG_ENABLE_MODULES = YES;
				CLANG_ENABLE_OBJC_ARC = YES;
				CLANG_WARN_BOOL_CONVERSION = YES;
				CLANG_WARN_CONSTANT_CONVERSION = YES;
				CLANG_WARN_DIRECT_OBJC_ISA_USAGE = YES_ERROR;
				CLANG_WARN_EMPTY_BODY = YES;
				CLANG_WARN_ENUM_CONVERSION = YES;
				CLANG_WARN_INT_CONVERSION = YES;
				CLANG_WARN_OBJC_ROOT_CLASS = YES_ERROR;
				CLANG_WARN_UNREACHABLE_CODE = YES;
				CLANG_WARN__DUPLICATE_METHOD_MATCH = YES;
				"CODE_SIGN_IDENTITY[sdk=iphoneos*]" = "iPhone Developer";
				COPY_PHASE_STRIP = NO;
				DEBUG_INFORMATION_FORMAT = "dwarf-with-dsym";
				ENABLE_NS_ASSERTIONS = NO;
				ENABLE_STRICT_OBJC_MSGSEND = YES;
				GCC_C_LANGUAGE_STANDARD = gnu99;
				GCC_NO_COMMON_BLOCKS = YES;
				GCC_WARN_64_TO_32_BIT_CONVERSION = YES;
				GCC_WARN_ABOUT_RETURN_TYPE = YES_ERROR;
				GCC_WARN_UNDECLARED_SELECTOR = YES;
				GCC_WARN_UNINITIALIZED_AUTOS = YES_AGGRESSIVE;
				GCC_WARN_UNUSED_FUNCTION = YES;
				GCC_WARN_UNUSED_VARIABLE = YES;
				IPHONEOS_DEPLOYMENT_TARGET = 9.1;
				MTL_ENABLE_DEBUG_INFO = NO;
				SDKROOT = iphoneos;
				TARGETED_DEVICE_FAMILY = "1,2";
				VALIDATE_PRODUCT = YES;
			};
			name = Release;
		};
		56336F2B1C535C7B00E63334 /* Debug */ = {
			isa = XCBuildConfiguration;
			buildSettings = {
				ASSETCATALOG_COMPILER_APPICON_NAME = AppIcon;
				INFOPLIST_FILE = "20160123-1/Info.plist";
				LD_RUNPATH_SEARCH_PATHS = "$(inherited) @executable_path/Frameworks";
				PRODUCT_BUNDLE_IDENTIFIER = "liuchuo.net.-0160123-1";
				PRODUCT_NAME = "$(TARGET_NAME)";
			};
			name = Debug;
		};
		56336F2C1C535C7B00E63334 /* Release */ = {
			isa = XCBuildConfiguration;
			buildSettings = {
				ASSETCATALOG_COMPILER_APPICON_NAME = AppIcon;
				INFOPLIST_FILE = "20160123-1/Info.plist";
				LD_RUNPATH_SEARCH_PATHS = "$(inherited) @executable_path/Frameworks";
				PRODUCT_BUNDLE_IDENTIFIER = "liuchuo.net.-0160123-1";
				PRODUCT_NAME = "$(TARGET_NAME)";
			};
			name = Release;
		};
		56336F2E1C535C7B00E63334 /* Debug */ = {
			isa = XCBuildConfiguration;
			buildSettings = {
				BUNDLE_LOADER = "$(TEST_HOST)";
				INFOPLIST_FILE = "20160123-1Tests/Info.plist";
				LD_RUNPATH_SEARCH_PATHS = "$(inherited) @executable_path/Frameworks @loader_path/Frameworks";
				PRODUCT_BUNDLE_IDENTIFIER = "liuchuo.net.-0160123-1Tests";
				PRODUCT_NAME = "$(TARGET_NAME)";
				TEST_HOST = "$(BUILT_PRODUCTS_DIR)/20160123-1.app/20160123-1";
			};
			name = Debug;
		};
		56336F2F1C535C7B00E63334 /* Release */ = {
			isa = XCBuildConfiguration;
			buildSettings = {
				BUNDLE_LOADER = "$(TEST_HOST)";
				INFOPLIST_FILE = "20160123-1Tests/Info.plist";
				LD_RUNPATH_SEARCH_PATHS = "$(inherited) @executable_path/Frameworks @loader_path/Frameworks";
				PRODUCT_BUNDLE_IDENTIFIER = "liuchuo.net.-0160123-1Tests";
				PRODUCT_NAME = "$(TARGET_NAME)";
				TEST_HOST = "$(BUILT_PRODUCTS_DIR)/20160123-1.app/20160123-1";
			};
			name = Release;
		};
		56336F311C535C7B00E63334 /* Debug */ = {
			isa = XCBuildConfiguration;
			buildSettings = {
				INFOPLIST_FILE = "20160123-1UITests/Info.plist";
				LD_RUNPATH_SEARCH_PATHS = "$(inherited) @executable_path/Frameworks @loader_path/Frameworks";
				PRODUCT_BUNDLE_IDENTIFIER = "liuchuo.net.-0160123-1UITests";
				PRODUCT_NAME = "$(TARGET_NAME)";
				TEST_TARGET_NAME = "20160123-1";
				USES_XCTRUNNER = YES;
			};
			name = Debug;
		};
		56336F321C535C7B00E63334 /* Release */ = {
			isa = XCBuildConfiguration;
			buildSettings = {
				INFOPLIST_FILE = "20160123-1UITests/Info.plist";
				LD_RUNPATH_SEARCH_PATHS = "$(inherited) @executable_path/Frameworks @loader_path/Frameworks";
				PRODUCT_BUNDLE_IDENTIFIER = "liuchuo.net.-0160123-1UITests";
				PRODUCT_NAME = "$(TARGET_NAME)";
				TEST_TARGET_NAME = "20160123-1";
				USES_XCTRUNNER = YES;
			};
			name = Release;
		};
/* End XCBuildConfiguration section */

/* Begin XCConfigurationList section */
		56336EFD1C535C7B00E63334 /* Build configuration list for PBXProject "20160123-1" */ = {
			isa = XCConfigurationList;
			buildConfigurations = (
				56336F281C535C7B00E63334 /* Debug */,
				56336F291C535C7B00E63334 /* Release */,
			);
			defaultConfigurationIsVisible = 0;
			defaultConfigurationName = Release;
		};
		56336F2A1C535C7B00E63334 /* Build configuration list for PBXNativeTarget "20160123-1" */ = {
			isa = XCConfigurationList;
			buildConfigurations = (
				56336F2B1C535C7B00E63334 /* Debug */,
				56336F2C1C535C7B00E63334 /* Release */,
			);
			defaultConfigurationIsVisible = 0;
		};
		56336F2D1C535C7B00E63334 /* Build configuration list for PBXNativeTarget "20160123-1Tests" */ = {
			isa = XCConfigurationList;
			buildConfigurations = (
				56336F2E1C535C7B00E63334 /* Debug */,
				56336F2F1C535C7B00E63334 /* Release */,
			);
			defaultConfigurationIsVisible = 0;
		};
		56336F301C535C7B00E63334 /* Build configuration list for PBXNativeTarget "20160123-1UITests" */ = {
			isa = XCConfigurationList;
			buildConfigurations = (
				56336F311C535C7B00E63334 /* Debug */,
				56336F321C535C7B00E63334 /* Release */,
			);
			defaultConfigurationIsVisible = 0;
		};
/* End XCConfigurationList section */
	};
	rootObject = 56336EFA1C535C7B00E63334 /* Project object */;
}
