// !$*UTF8*$!
{
	archiveVersion = 1;
	classes = {
	};
	objectVersion = 46;
	objects = {

/* Begin PBXBuildFile section */
		56DEDF731CCF131300D57F66 /* AppDelegate.swift in Sources */ = {isa = PBXBuildFile; fileRef = 56DEDF721CCF131300D57F66 /* AppDelegate.swift */; };
		56DEDF751CCF131300D57F66 /* ViewController.swift in Sources */ = {isa = PBXBuildFile; fileRef = 56DEDF741CCF131300D57F66 /* ViewController.swift */; };
		56DEDF781CCF131300D57F66 /* Main.storyboard in Resources */ = {isa = PBXBuildFile; fileRef = 56DEDF761CCF131300D57F66 /* Main.storyboard */; };
		56DEDF7A1CCF131300D57F66 /* Assets.xcassets in Resources */ = {isa = PBXBuildFile; fileRef = 56DEDF791CCF131300D57F66 /* Assets.xcassets */; };
		56DEDF7D1CCF131300D57F66 /* LaunchScreen.storyboard in Resources */ = {isa = PBXBuildFile; fileRef = 56DEDF7B1CCF131300D57F66 /* LaunchScreen.storyboard */; };
		56DEDF8C1CCF14B000D57F66 /* a.swift in Sources */ = {isa = PBXBuildFile; fileRef = 56DEDF8A1CCF14B000D57F66 /* a.swift */; };
		56DEDF8D1CCF14B000D57F66 /* a.xib in Resources */ = {isa = PBXBuildFile; fileRef = 56DEDF8B1CCF14B000D57F66 /* a.xib */; };
/* End PBXBuildFile section */

/* Begin PBXFileReference section */
		56DEDF6F1CCF131200D57F66 /* L02using nib.app */ = {isa = PBXFileReference; explicitFileType = wrapper.application; includeInIndex = 0; path = "L02using nib.app"; sourceTree = BUILT_PRODUCTS_DIR; };
		56DEDF721CCF131300D57F66 /* AppDelegate.swift */ = {isa = PBXFileReference; lastKnownFileType = sourcecode.swift; path = AppDelegate.swift; sourceTree = "<group>"; };
		56DEDF741CCF131300D57F66 /* ViewController.swift */ = {isa = PBXFileReference; lastKnownFileType = sourcecode.swift; path = ViewController.swift; sourceTree = "<group>"; };
		56DEDF771CCF131300D57F66 /* Base */ = {isa = PBXFileReference; lastKnownFileType = file.storyboard; name = Base; path = Base.lproj/Main.storyboard; sourceTree = "<group>"; };
		56DEDF791CCF131300D57F66 /* Assets.xcassets */ = {isa = PBXFileReference; lastKnownFileType = folder.assetcatalog; path = Assets.xcassets; sourceTree = "<group>"; };
		56DEDF7C1CCF131300D57F66 /* Base */ = {isa = PBXFileReference; lastKnownFileType = file.storyboard; name = Base; path = Base.lproj/LaunchScreen.storyboard; sourceTree = "<group>"; };
		56DEDF7E1CCF131300D57F66 /* Info.plist */ = {isa = PBXFileReference; lastKnownFileType = text.plist.xml; path = Info.plist; sourceTree = "<group>"; };
		56DEDF8A1CCF14B000D57F66 /* a.swift */ = {isa = PBXFileReference; fileEncoding = 4; lastKnownFileType = sourcecode.swift; path = a.swift; sourceTree = "<group>"; };
		56DEDF8B1CCF14B000D57F66 /* a.xib */ = {isa = PBXFileReference; fileEncoding = 4; lastKnownFileType = file.xib; path = a.xib; sourceTree = "<group>"; };
/* End PBXFileReference section */

/* Begin PBXFrameworksBuildPhase section */
		56DEDF6C1CCF131200D57F66 /* Frameworks */ = {
			isa = PBXFrameworksBuildPhase;
			buildActionMask = 2147483647;
			files = (
			);
			runOnlyForDeploymentPostprocessing = 0;
		};
/* End PBXFrameworksBuildPhase section */

/* Begin PBXGroup section */
		56DEDF661CCF131200D57F66 = {
			isa = PBXGroup;
			children = (
				56DEDF711CCF131300D57F66 /* L02using nib */,
				56DEDF701CCF131200D57F66 /* Products */,
			);
			sourceTree = "<group>";
		};
		56DEDF701CCF131200D57F66 /* Products */ = {
			isa = PBXGroup;
			children = (
				56DEDF6F1CCF131200D57F66 /* L02using nib.app */,
			);
			name = Products;
			sourceTree = "<group>";
		};
		56DEDF711CCF131300D57F66 /* L02using nib */ = {
			isa = PBXGroup;
			children = (
				56DEDF721CCF131300D57F66 /* AppDelegate.swift */,
				56DEDF741CCF131300D57F66 /* ViewController.swift */,
				56DEDF761CCF131300D57F66 /* Main.storyboard */,
				56DEDF791CCF131300D57F66 /* Assets.xcassets */,
				56DEDF7B1CCF131300D57F66 /* LaunchScreen.storyboard */,
				56DEDF7E1CCF131300D57F66 /* Info.plist */,
				56DEDF8A1CCF14B000D57F66 /* a.swift */,
				56DEDF8B1CCF14B000D57F66 /* a.xib */,
			);
			path = "L02using nib";
			sourceTree = "<group>";
		};
/* End PBXGroup section */

/* Begin PBXNativeTarget section */
		56DEDF6E1CCF131200D57F66 /* L02using nib */ = {
			isa = PBXNativeTarget;
			buildConfigurationList = 56DEDF811CCF131300D57F66 /* Build configuration list for PBXNativeTarget "L02using nib" */;
			buildPhases = (
				56DEDF6B1CCF131200D57F66 /* Sources */,
				56DEDF6C1CCF131200D57F66 /* Frameworks */,
				56DEDF6D1CCF131200D57F66 /* Resources */,
			);
			buildRules = (
			);
			dependencies = (
			);
			name = "L02using nib";
			productName = "L02using nib";
			productReference = 56DEDF6F1CCF131200D57F66 /* L02using nib.app */;
			productType = "com.apple.product-type.application";
		};
/* End PBXNativeTarget section */

/* Begin PBXProject section */
		56DEDF671CCF131200D57F66 /* Project object */ = {
			isa = PBXProject;
			attributes = {
				LastSwiftUpdateCheck = 0730;
				LastUpgradeCheck = 0730;
				ORGANIZATIONNAME = ChenXin;
				TargetAttributes = {
					56DEDF6E1CCF131200D57F66 = {
						CreatedOnToolsVersion = 7.3;
						DevelopmentTeam = A84NV4F2MU;
					};
				};
			};
			buildConfigurationList = 56DEDF6A1CCF131200D57F66 /* Build configuration list for PBXProject "L02using nib" */;
			compatibilityVersion = "Xcode 3.2";
			developmentRegion = English;
			hasScannedForEncodings = 0;
			knownRegions = (
				en,
				Base,
			);
			mainGroup = 56DEDF661CCF131200D57F66;
			productRefGroup = 56DEDF701CCF131200D57F66 /* Products */;
			projectDirPath = "";
			projectRoot = "";
			targets = (
				56DEDF6E1CCF131200D57F66 /* L02using nib */,
			);
		};
/* End PBXProject section */

/* Begin PBXResourcesBuildPhase section */
		56DEDF6D1CCF131200D57F66 /* Resources */ = {
			isa = PBXResourcesBuildPhase;
			buildActionMask = 2147483647;
			files = (
				56DEDF7D1CCF131300D57F66 /* LaunchScreen.storyboard in Resources */,
				56DEDF7A1CCF131300D57F66 /* Assets.xcassets in Resources */,
				56DEDF781CCF131300D57F66 /* Main.storyboard in Resources */,
				56DEDF8D1CCF14B000D57F66 /* a.xib in Resources */,
			);
			runOnlyForDeploymentPostprocessing = 0;
		};
/* End PBXResourcesBuildPhase section */

/* Begin PBXSourcesBuildPhase section */
		56DEDF6B1CCF131200D57F66 /* Sources */ = {
			isa = PBXSourcesBuildPhase;
			buildActionMask = 2147483647;
			files = (
				56DEDF8C1CCF14B000D57F66 /* a.swift in Sources */,
				56DEDF751CCF131300D57F66 /* ViewController.swift in Sources */,
				56DEDF731CCF131300D57F66 /* AppDelegate.swift in Sources */,
			);
			runOnlyForDeploymentPostprocessing = 0;
		};
/* End PBXSourcesBuildPhase section */

/* Begin PBXVariantGroup section */
		56DEDF761CCF131300D57F66 /* Main.storyboard */ = {
			isa = PBXVariantGroup;
			children = (
				56DEDF771CCF131300D57F66 /* Base */,
			);
			name = Main.storyboard;
			sourceTree = "<group>";
		};
		56DEDF7B1CCF131300D57F66 /* LaunchScreen.storyboard */ = {
			isa = PBXVariantGroup;
			children = (
				56DEDF7C1CCF131300D57F66 /* Base */,
			);
			name = LaunchScreen.storyboard;
			sourceTree = "<group>";
		};
/* End PBXVariantGroup section */

/* Begin XCBuildConfiguration section */
		56DEDF7F1CCF131300D57F66 /* Debug */ = {
			isa = XCBuildConfiguration;
			buildSettings = {
				ALWAYS_SEARCH_USER_PATHS = NO;
				CLANG_ANALYZER_NONNULL = YES;
				CLANG_CXX_LANGUAGE_STANDARD = "gnu++0x";
				CLANG_CXX_LIBRARY = "libc++";
				CLANG_ENABLE_MODULES = YES;
				CLANG_ENABLE_OBJC_ARC = YES;
				CLANG_WARN_BOOL_CONVERSION = YES;
				CLANG_WARN_CONSTANT_CONVERSION = YES;
				CLANG_WARN_DIRECT_OBJC_ISA_USAGE = YES_ERROR;
				CLANG_WARN_EMPTY_BODY = YES;
				CLANG_WARN_ENUM_CONVERSION = YES;
				CLANG_WARN_INT_CONVERSION = YES;
				CLANG_WARN_OBJC_ROOT_CLASS = YES_ERROR;
				CLANG_WARN_UNREACHABLE_CODE = YES;
				CLANG_WARN__DUPLICATE_METHOD_MATCH = YES;
				"CODE_SIGN_IDENTITY[sdk=iphoneos*]" = "iPhone Developer";
				COPY_PHASE_STRIP = NO;
				DEBUG_INFORMATION_FORMAT = dwarf;
				ENABLE_STRICT_OBJC_MSGSEND = YES;
				ENABLE_TESTABILITY = YES;
				GCC_C_LANGUAGE_STANDARD = gnu99;
				GCC_DYNAMIC_NO_PIC = NO;
				GCC_NO_COMMON_BLOCKS = YES;
				GCC_OPTIMIZATION_LEVEL = 0;
				GCC_PREPROCESSOR_DEFINITIONS = (
					"DEBUG=1",
					"$(inherited)",
				);
				GCC_WARN_64_TO_32_BIT_CONVERSION = YES;
				GCC_WARN_ABOUT_RETURN_TYPE = YES_ERROR;
				GCC_WARN_UNDECLARED_SELECTOR = YES;
				GCC_WARN_UNINITIALIZED_AUTOS = YES_AGGRESSIVE;
				GCC_WARN_UNUSED_FUNCTION = YES;
				GCC_WARN_UNUSED_VARIABLE = YES;
				IPHONEOS_DEPLOYMENT_TARGET = 9.3;
				MTL_ENABLE_DEBUG_INFO = YES;
				ONLY_ACTIVE_ARCH = YES;
				SDKROOT = iphoneos;
				SWIFT_OPTIMIZATION_LEVEL = "-Onone";
			};
			name = Debug;
		};
		56DEDF801CCF131300D57F66 /* Release */ = {
			isa = XCBuildConfiguration;
			buildSettings = {
				ALWAYS_SEARCH_USER_PATHS = NO;
				CLANG_ANALYZER_NONNULL = YES;
				CLANG_CXX_LANGUAGE_STANDARD = "gnu++0x";
				CLANG_CXX_LIBRARY = "libc++";
				CLANG_ENABLE_MODULES = YES;
				CLANG_ENABLE_OBJC_ARC = YES;
				CLANG_WARN_BOOL_CONVERSION = YES;
				CLANG_WARN_CONSTANT_CONVERSION = YES;
				CLANG_WARN_DIRECT_OBJC_ISA_USAGE = YES_ERROR;
				CLANG_WARN_EMPTY_BODY = YES;
				CLANG_WARN_ENUM_CONVERSION = YES;
				CLANG_WARN_INT_CONVERSION = YES;
				CLANG_WARN_OBJC_ROOT_CLASS = YES_ERROR;
				CLANG_WARN_UNREACHABLE_CODE = YES;
				CLANG_WARN__DUPLICATE_METHOD_MATCH = YES;
				"CODE_SIGN_IDENTITY[sdk=iphoneos*]" = "iPhone Developer";
				COPY_PHASE_STRIP = NO;
				DEBUG_INFORMATION_FORMAT = "dwarf-with-dsym";
				ENABLE_NS_ASSERTIONS = NO;
				ENABLE_STRICT_OBJC_MSGSEND = YES;
				GCC_C_LANGUAGE_STANDARD = gnu99;
				GCC_NO_COMMON_BLOCKS = YES;
				GCC_WARN_64_TO_32_BIT_CONVERSION = YES;
				GCC_WARN_ABOUT_RETURN_TYPE = YES_ERROR;
				GCC_WARN_UNDECLARED_SELECTOR = YES;
				GCC_WARN_UNINITIALIZED_AUTOS = YES_AGGRESSIVE;
				GCC_WARN_UNUSED_FUNCTION = YES;
				GCC_WARN_UNUSED_VARIABLE = YES;
				IPHONEOS_DEPLOYMENT_TARGET = 9.3;
				MTL_ENABLE_DEBUG_INFO = NO;
				SDKROOT = iphoneos;
				VALIDATE_PRODUCT = YES;
			};
			name = Release;
		};
		56DEDF821CCF131300D57F66 /* Debug */ = {
			isa = XCBuildConfiguration;
			buildSettings = {
				ASSETCATALOG_COMPILER_APPICON_NAME = AppIcon;
				INFOPLIST_FILE = "L02using nib/Info.plist";
				LD_RUNPATH_SEARCH_PATHS = "$(inherited) @executable_path/Frameworks";
				PRODUCT_BUNDLE_IDENTIFIER = "liuchuo.net.L02using-nib";
				PRODUCT_NAME = "$(TARGET_NAME)";
			};
			name = Debug;
		};
		56DEDF831CCF131300D57F66 /* Release */ = {
			isa = XCBuildConfiguration;
			buildSettings = {
				ASSETCATALOG_COMPILER_APPICON_NAME = AppIcon;
				INFOPLIST_FILE = "L02using nib/Info.plist";
				LD_RUNPATH_SEARCH_PATHS = "$(inherited) @executable_path/Frameworks";
				PRODUCT_BUNDLE_IDENTIFIER = "liuchuo.net.L02using-nib";
				PRODUCT_NAME = "$(TARGET_NAME)";
			};
			name = Release;
		};
/* End XCBuildConfiguration section */

/* Begin XCConfigurationList section */
		56DEDF6A1CCF131200D57F66 /* Build configuration list for PBXProject "L02using nib" */ = {
			isa = XCConfigurationList;
			buildConfigurations = (
				56DEDF7F1CCF131300D57F66 /* Debug */,
				56DEDF801CCF131300D57F66 /* Release */,
			);
			defaultConfigurationIsVisible = 0;
			defaultConfigurationName = Release;
		};
		56DEDF811CCF131300D57F66 /* Build configuration list for PBXNativeTarget "L02using nib" */ = {
			isa = XCConfigurationList;
			buildConfigurations = (
				56DEDF821CCF131300D57F66 /* Debug */,
				56DEDF831CCF131300D57F66 /* Release */,
			);
			defaultConfigurationIsVisible = 0;
		};
/* End XCConfigurationList section */
	};
	rootObject = 56DEDF671CCF131200D57F66 /* Project object */;
}
